
Microsoft Visual Studio Solution File, Format Version 12.00
# Visual Studio Version 16
VisualStudioVersion = 16.0.30717.126
MinimumVisualStudioVersion = 10.0.40219.1
Project("{9A19103F-16F7-4668-BE54-9A1E7A4F7556}") = "Day01", "Day01\Day01.csproj", "{5312373D-617C-4B2C-B62A-90532A260D5F}"
EndProject
Project("{9A19103F-16F7-4668-BE54-9A1E7A4F7556}") = "Day02", "Day02\Day02.csproj", "{5D38F27B-1927-477C-93EF-12ECC0EE3265}"
EndProject
Project("{9A19103F-16F7-4668-BE54-9A1E7A4F7556}") = "Day03", "Day03\Day03.csproj", "{01C54361-2D99-4D55-9CDE-C8B613EF57CF}"
EndProject
Project("{9A19103F-16F7-4668-BE54-9A1E7A4F7556}") = "Day04", "Day04\Day04.csproj", "{472B3155-E825-4937-AF45-4902CFB721EB}"
EndProject
Project("{9A19103F-16F7-4668-BE54-9A1E7A4F7556}") = "Day05", "Day05\Day05.csproj", "{DFE2CBE2-F5C1-4F9D-B506-5CAF11BA02BA}"
EndProject
Project("{FAE04EC0-301F-11D3-BF4B-00C04F79EFBC}") = "Day06", "Day06\Day06.csproj", "{9F2F6BCF-616E-4717-9E1C-EF762162CF5F}"
EndProject
Global
	GlobalSection(SolutionConfigurationPlatforms) = preSolution
		Debug|Any CPU = Debug|Any CPU
		Release|Any CPU = Release|Any CPU
	EndGlobalSection
	GlobalSection(ProjectConfigurationPlatforms) = postSolution
		{5312373D-617C-4B2C-B62A-90532A260D5F}.Debug|Any CPU.ActiveCfg = Debug|Any CPU
		{5312373D-617C-4B2C-B62A-90532A260D5F}.Debug|Any CPU.Build.0 = Debug|Any CPU
		{5312373D-617C-4B2C-B62A-90532A260D5F}.Release|Any CPU.ActiveCfg = Release|Any CPU
		{5312373D-617C-4B2C-B62A-90532A260D5F}.Release|Any CPU.Build.0 = Release|Any CPU
		{5D38F27B-1927-477C-93EF-12ECC0EE3265}.Debug|Any CPU.ActiveCfg = Debug|Any CPU
		{5D38F27B-1927-477C-93EF-12ECC0EE3265}.Debug|Any CPU.Build.0 = Debug|Any CPU
		{5D38F27B-1927-477C-93EF-12ECC0EE3265}.Release|Any CPU.ActiveCfg = Release|Any CPU
		{5D38F27B-1927-477C-93EF-12ECC0EE3265}.Release|Any CPU.Build.0 = Release|Any CPU
		{01C54361-2D99-4D55-9CDE-C8B613EF57CF}.Debug|Any CPU.ActiveCfg = Debug|Any CPU
		{01C54361-2D99-4D55-9CDE-C8B613EF57CF}.Debug|Any CPU.Build.0 = Debug|Any CPU
		{01C54361-2D99-4D55-9CDE-C8B613EF57CF}.Release|Any CPU.ActiveCfg = Release|Any CPU
		{01C54361-2D99-4D55-9CDE-C8B613EF57CF}.Release|Any CPU.Build.0 = Release|Any CPU
		{472B3155-E825-4937-AF45-4902CFB721EB}.Debug|Any CPU.ActiveCfg = Debug|Any CPU
		{472B3155-E825-4937-AF45-4902CFB721EB}.Debug|Any CPU.Build.0 = Debug|Any CPU
		{472B3155-E825-4937-AF45-4902CFB721EB}.Release|Any CPU.ActiveCfg = Release|Any CPU
		{472B3155-E825-4937-AF45-4902CFB721EB}.Release|Any CPU.Build.0 = Release|Any CPU
		{DFE2CBE2-F5C1-4F9D-B506-5CAF11BA02BA}.Debug|Any CPU.ActiveCfg = Debug|Any CPU
		{DFE2CBE2-F5C1-4F9D-B506-5CAF11BA02BA}.Debug|Any CPU.Build.0 = Debug|Any CPU
		{DFE2CBE2-F5C1-4F9D-B506-5CAF11BA02BA}.Release|Any CPU.ActiveCfg = Release|Any CPU
		{DFE2CBE2-F5C1-4F9D-B506-5CAF11BA02BA}.Release|Any CPU.Build.0 = Release|Any CPU
		{9F2F6BCF-616E-4717-9E1C-EF762162CF5F}.Debug|Any CPU.ActiveCfg = Debug|Any CPU
		{9F2F6BCF-616E-4717-9E1C-EF762162CF5F}.Debug|Any CPU.Build.0 = Debug|Any CPU
		{9F2F6BCF-616E-4717-9E1C-EF762162CF5F}.Release|Any CPU.ActiveCfg = Release|Any CPU
		{9F2F6BCF-616E-4717-9E1C-EF762162CF5F}.Release|Any CPU.Build.0 = Release|Any CPU
	EndGlobalSection
	GlobalSection(SolutionProperties) = preSolution
		HideSolutionNode = FALSE
	EndGlobalSection
	GlobalSection(ExtensibilityGlobals) = postSolution
		SolutionGuid = {26569026-BFD1-4A3B-93F9-79F25E93B727}
	EndGlobalSection
EndGlobal
